
Microsoft Visual Studio Solution File, Format Version 11.00
# Visual C# Express 2010
Project("{FAE04EC0-301F-11D3-BF4B-00C04F79EFBC}") = "XMLAssignment7", "XMLAssignment7\XMLAssignment7.csproj", "{4EFF69D8-89B7-4520-9553-C12BEBF757F6}"
EndProject
Global
	GlobalSection(SolutionConfigurationPlatforms) = preSolution
		Debug|x86 = Debug|x86
		Release|x86 = Release|x86
	EndGlobalSection
	GlobalSection(ProjectConfigurationPlatforms) = postSolution
		{4EFF69D8-89B7-4520-9553-C12BEBF757F6}.Debug|x86.ActiveCfg = Debug|x86
		{4EFF69D8-89B7-4520-9553-C12BEBF757F6}.Debug|x86.Build.0 = Debug|x86
		{4EFF69D8-89B7-4520-9553-C12BEBF757F6}.Release|x86.ActiveCfg = Release|x86
		{4EFF69D8-89B7-4520-9553-C12BEBF757F6}.Release|x86.Build.0 = Release|x86
	EndGlobalSection
	GlobalSection(SolutionProperties) = preSolution
		HideSolutionNode = FALSE
	EndGlobalSection
EndGlobal
